
Microsoft Visual Studio Solution File, Format Version 12.00
# Visual Studio 15
VisualStudioVersion = 15.0.28307.1022
MinimumVisualStudioVersion = 10.0.40219.1
Project("{8BC9CEB8-8B4A-11D0-8D11-00A0C91BC942}") = "Part2", "Part2\Part2.vcxproj", "{E535ADE1-1404-4A3C-8512-A63BBA73AFF1}"
EndProject
Global
	GlobalSection(SolutionConfigurationPlatforms) = preSolution
		Debug|x64 = Debug|x64
		Debug|x86 = Debug|x86
		Release|x64 = Release|x64
		Release|x86 = Release|x86
	EndGlobalSection
	GlobalSection(ProjectConfigurationPlatforms) = postSolution
		{E535ADE1-1404-4A3C-8512-A63BBA73AFF1}.Debug|x64.ActiveCfg = Debug|x64
		{E535ADE1-1404-4A3C-8512-A63BBA73AFF1}.Debug|x64.Build.0 = Debug|x64
		{E535ADE1-1404-4A3C-8512-A63BBA73AFF1}.Debug|x86.ActiveCfg = Debug|Win32
		{E535ADE1-1404-4A3C-8512-A63BBA73AFF1}.Debug|x86.Build.0 = Debug|Win32
		{E535ADE1-1404-4A3C-8512-A63BBA73AFF1}.Release|x64.ActiveCfg = Release|x64
		{E535ADE1-1404-4A3C-8512-A63BBA73AFF1}.Release|x64.Build.0 = Release|x64
		{E535ADE1-1404-4A3C-8512-A63BBA73AFF1}.Release|x86.ActiveCfg = Release|Win32
		{E535ADE1-1404-4A3C-8512-A63BBA73AFF1}.Release|x86.Build.0 = Release|Win32
	EndGlobalSection
	GlobalSection(SolutionProperties) = preSolution
		HideSolutionNode = FALSE
	EndGlobalSection
	GlobalSection(ExtensibilityGlobals) = postSolution
		SolutionGuid = {AE9F5347-F0C3-4490-8E68-FCD6AFAB8A37}
	EndGlobalSection
EndGlobal
